
Microsoft Visual Studio Solution File, Format Version 12.00
# Visual Studio 15
VisualStudioVersion = 15.0.28307.489
MinimumVisualStudioVersion = 10.0.40219.1
Project("{888888A0-9F3D-457C-B088-3A5042F75D52}") = "YaYeetBot", "YaYeetBot\YaYeetBot.pyproj", "{B4CC7540-72D2-4E9A-8809-60FDC9BD8247}"
EndProject
Global
	GlobalSection(SolutionConfigurationPlatforms) = preSolution
		Debug|Any CPU = Debug|Any CPU
		Release|Any CPU = Release|Any CPU
	EndGlobalSection
	GlobalSection(ProjectConfigurationPlatforms) = postSolution
		{B4CC7540-72D2-4E9A-8809-60FDC9BD8247}.Debug|Any CPU.ActiveCfg = Debug|Any CPU
		{B4CC7540-72D2-4E9A-8809-60FDC9BD8247}.Release|Any CPU.ActiveCfg = Release|Any CPU
	EndGlobalSection
	GlobalSection(SolutionProperties) = preSolution
		HideSolutionNode = FALSE
	EndGlobalSection
	GlobalSection(ExtensibilityGlobals) = postSolution
		SolutionGuid = {5A048792-36BA-47D2-8088-9015478747AB}
	EndGlobalSection
EndGlobal
